
Microsoft Visual Studio Solution File, Format Version 12.00
# Visual Studio Version 16
VisualStudioVersion = 16.0.30907.101
MinimumVisualStudioVersion = 10.0.40219.1
Project("{9A19103F-16F7-4668-BE54-9A1E7A4F7556}") = "01ClassBoxData", "01ClassBoxData\01ClassBoxData.csproj", "{7F04B8FF-07C2-4334-A998-6C915D1F3B09}"
EndProject
Project("{9A19103F-16F7-4668-BE54-9A1E7A4F7556}") = "AnimalFarm", "02AnimalFarm\AnimalFarm.csproj", "{AA2CC392-221A-41ED-ADC4-1EBAF3A299A3}"
EndProject
Project("{FAE04EC0-301F-11D3-BF4B-00C04F79EFBC}") = "03ShoppingSpree", "03ShoppingSpree\03ShoppingSpree.csproj", "{AEBAE814-9220-459C-A1AA-494BCF35DE53}"
EndProject
Global
	GlobalSection(SolutionConfigurationPlatforms) = preSolution
		Debug|Any CPU = Debug|Any CPU
		Release|Any CPU = Release|Any CPU
	EndGlobalSection
	GlobalSection(ProjectConfigurationPlatforms) = postSolution
		{7F04B8FF-07C2-4334-A998-6C915D1F3B09}.Debug|Any CPU.ActiveCfg = Debug|Any CPU
		{7F04B8FF-07C2-4334-A998-6C915D1F3B09}.Debug|Any CPU.Build.0 = Debug|Any CPU
		{7F04B8FF-07C2-4334-A998-6C915D1F3B09}.Release|Any CPU.ActiveCfg = Release|Any CPU
		{7F04B8FF-07C2-4334-A998-6C915D1F3B09}.Release|Any CPU.Build.0 = Release|Any CPU
		{AA2CC392-221A-41ED-ADC4-1EBAF3A299A3}.Debug|Any CPU.ActiveCfg = Debug|Any CPU
		{AA2CC392-221A-41ED-ADC4-1EBAF3A299A3}.Debug|Any CPU.Build.0 = Debug|Any CPU
		{AA2CC392-221A-41ED-ADC4-1EBAF3A299A3}.Release|Any CPU.ActiveCfg = Release|Any CPU
		{AA2CC392-221A-41ED-ADC4-1EBAF3A299A3}.Release|Any CPU.Build.0 = Release|Any CPU
		{AEBAE814-9220-459C-A1AA-494BCF35DE53}.Debug|Any CPU.ActiveCfg = Debug|Any CPU
		{AEBAE814-9220-459C-A1AA-494BCF35DE53}.Debug|Any CPU.Build.0 = Debug|Any CPU
		{AEBAE814-9220-459C-A1AA-494BCF35DE53}.Release|Any CPU.ActiveCfg = Release|Any CPU
		{AEBAE814-9220-459C-A1AA-494BCF35DE53}.Release|Any CPU.Build.0 = Release|Any CPU
	EndGlobalSection
	GlobalSection(SolutionProperties) = preSolution
		HideSolutionNode = FALSE
	EndGlobalSection
	GlobalSection(ExtensibilityGlobals) = postSolution
		SolutionGuid = {34E21D04-3178-4906-AD58-7F7D2E953E81}
	EndGlobalSection
EndGlobal
