
Microsoft Visual Studio Solution File, Format Version 12.00
# Visual Studio Version 16
VisualStudioVersion = 16.0.30709.132
MinimumVisualStudioVersion = 10.0.40219.1
Project("{9A19103F-16F7-4668-BE54-9A1E7A4F7556}") = "01WorldTour", "01WorldTour\01WorldTour.csproj", "{80913F85-9047-46C5-B9D9-BCBF39E7924C}"
EndProject
Project("{9A19103F-16F7-4668-BE54-9A1E7A4F7556}") = "02DestinationMapper", "02DestinationMapper\02DestinationMapper.csproj", "{452FED0B-FB8F-46F1-9BA3-3D060C9DFA64}"
EndProject
Project("{9A19103F-16F7-4668-BE54-9A1E7A4F7556}") = "03PlantDiscovery", "03PlantDiscovery\03PlantDiscovery.csproj", "{E66BFDD3-F45C-4989-8588-A91483CE81F5}"
EndProject
Global
	GlobalSection(SolutionConfigurationPlatforms) = preSolution
		Debug|Any CPU = Debug|Any CPU
		Release|Any CPU = Release|Any CPU
	EndGlobalSection
	GlobalSection(ProjectConfigurationPlatforms) = postSolution
		{80913F85-9047-46C5-B9D9-BCBF39E7924C}.Debug|Any CPU.ActiveCfg = Debug|Any CPU
		{80913F85-9047-46C5-B9D9-BCBF39E7924C}.Debug|Any CPU.Build.0 = Debug|Any CPU
		{80913F85-9047-46C5-B9D9-BCBF39E7924C}.Release|Any CPU.ActiveCfg = Release|Any CPU
		{80913F85-9047-46C5-B9D9-BCBF39E7924C}.Release|Any CPU.Build.0 = Release|Any CPU
		{452FED0B-FB8F-46F1-9BA3-3D060C9DFA64}.Debug|Any CPU.ActiveCfg = Debug|Any CPU
		{452FED0B-FB8F-46F1-9BA3-3D060C9DFA64}.Debug|Any CPU.Build.0 = Debug|Any CPU
		{452FED0B-FB8F-46F1-9BA3-3D060C9DFA64}.Release|Any CPU.ActiveCfg = Release|Any CPU
		{452FED0B-FB8F-46F1-9BA3-3D060C9DFA64}.Release|Any CPU.Build.0 = Release|Any CPU
		{E66BFDD3-F45C-4989-8588-A91483CE81F5}.Debug|Any CPU.ActiveCfg = Debug|Any CPU
		{E66BFDD3-F45C-4989-8588-A91483CE81F5}.Debug|Any CPU.Build.0 = Debug|Any CPU
		{E66BFDD3-F45C-4989-8588-A91483CE81F5}.Release|Any CPU.ActiveCfg = Release|Any CPU
		{E66BFDD3-F45C-4989-8588-A91483CE81F5}.Release|Any CPU.Build.0 = Release|Any CPU
	EndGlobalSection
	GlobalSection(SolutionProperties) = preSolution
		HideSolutionNode = FALSE
	EndGlobalSection
	GlobalSection(ExtensibilityGlobals) = postSolution
		SolutionGuid = {8D96116C-5342-4EBD-B143-1633C6546328}
	EndGlobalSection
EndGlobal
