
Microsoft Visual Studio Solution File, Format Version 12.00
# Visual Studio Version 16
VisualStudioVersion = 16.0.30709.132
MinimumVisualStudioVersion = 10.0.40219.1
Project("{9A19103F-16F7-4668-BE54-9A1E7A4F7556}") = "01UniqueUsernames", "01UniqueUsernames\01UniqueUsernames.csproj", "{2C5474F1-89B4-4407-9DC4-76470919307B}"
EndProject
Project("{9A19103F-16F7-4668-BE54-9A1E7A4F7556}") = "02SetsOfElements", "02SetsOfElements\02SetsOfElements.csproj", "{0104B55B-B3B8-4368-BC34-4E9E988D8812}"
EndProject
Project("{9A19103F-16F7-4668-BE54-9A1E7A4F7556}") = "03PeriodicTable", "03PeriodicTable\03PeriodicTable.csproj", "{F6599737-670E-47C1-8F32-87C9A2F47200}"
EndProject
Project("{9A19103F-16F7-4668-BE54-9A1E7A4F7556}") = "04EvenTimes", "04EvenTimes\04EvenTimes.csproj", "{A046DEF9-4BE9-4E4A-86B7-4E3EC1213CCA}"
EndProject
Project("{9A19103F-16F7-4668-BE54-9A1E7A4F7556}") = "06Wardrobe", "06Wardrobe\06Wardrobe.csproj", "{C89321EA-EC7E-450F-8F4E-7EB539762A85}"
EndProject
Project("{9A19103F-16F7-4668-BE54-9A1E7A4F7556}") = "05CountSymbols", "05CountSymbols\05CountSymbols.csproj", "{B15A000D-FC45-49E7-AD65-546E5A554931}"
EndProject
Project("{FAE04EC0-301F-11D3-BF4B-00C04F79EFBC}") = "07TheV-Logger", "07TheV-Logger\07TheV-Logger.csproj", "{066EDAB4-5519-41F2-9A28-7957FA479CCE}"
EndProject
Global
	GlobalSection(SolutionConfigurationPlatforms) = preSolution
		Debug|Any CPU = Debug|Any CPU
		Release|Any CPU = Release|Any CPU
	EndGlobalSection
	GlobalSection(ProjectConfigurationPlatforms) = postSolution
		{2C5474F1-89B4-4407-9DC4-76470919307B}.Debug|Any CPU.ActiveCfg = Debug|Any CPU
		{2C5474F1-89B4-4407-9DC4-76470919307B}.Debug|Any CPU.Build.0 = Debug|Any CPU
		{2C5474F1-89B4-4407-9DC4-76470919307B}.Release|Any CPU.ActiveCfg = Release|Any CPU
		{2C5474F1-89B4-4407-9DC4-76470919307B}.Release|Any CPU.Build.0 = Release|Any CPU
		{0104B55B-B3B8-4368-BC34-4E9E988D8812}.Debug|Any CPU.ActiveCfg = Debug|Any CPU
		{0104B55B-B3B8-4368-BC34-4E9E988D8812}.Debug|Any CPU.Build.0 = Debug|Any CPU
		{0104B55B-B3B8-4368-BC34-4E9E988D8812}.Release|Any CPU.ActiveCfg = Release|Any CPU
		{0104B55B-B3B8-4368-BC34-4E9E988D8812}.Release|Any CPU.Build.0 = Release|Any CPU
		{F6599737-670E-47C1-8F32-87C9A2F47200}.Debug|Any CPU.ActiveCfg = Debug|Any CPU
		{F6599737-670E-47C1-8F32-87C9A2F47200}.Debug|Any CPU.Build.0 = Debug|Any CPU
		{F6599737-670E-47C1-8F32-87C9A2F47200}.Release|Any CPU.ActiveCfg = Release|Any CPU
		{F6599737-670E-47C1-8F32-87C9A2F47200}.Release|Any CPU.Build.0 = Release|Any CPU
		{A046DEF9-4BE9-4E4A-86B7-4E3EC1213CCA}.Debug|Any CPU.ActiveCfg = Debug|Any CPU
		{A046DEF9-4BE9-4E4A-86B7-4E3EC1213CCA}.Debug|Any CPU.Build.0 = Debug|Any CPU
		{A046DEF9-4BE9-4E4A-86B7-4E3EC1213CCA}.Release|Any CPU.ActiveCfg = Release|Any CPU
		{A046DEF9-4BE9-4E4A-86B7-4E3EC1213CCA}.Release|Any CPU.Build.0 = Release|Any CPU
		{C89321EA-EC7E-450F-8F4E-7EB539762A85}.Debug|Any CPU.ActiveCfg = Debug|Any CPU
		{C89321EA-EC7E-450F-8F4E-7EB539762A85}.Debug|Any CPU.Build.0 = Debug|Any CPU
		{C89321EA-EC7E-450F-8F4E-7EB539762A85}.Release|Any CPU.ActiveCfg = Release|Any CPU
		{C89321EA-EC7E-450F-8F4E-7EB539762A85}.Release|Any CPU.Build.0 = Release|Any CPU
		{B15A000D-FC45-49E7-AD65-546E5A554931}.Debug|Any CPU.ActiveCfg = Debug|Any CPU
		{B15A000D-FC45-49E7-AD65-546E5A554931}.Debug|Any CPU.Build.0 = Debug|Any CPU
		{B15A000D-FC45-49E7-AD65-546E5A554931}.Release|Any CPU.ActiveCfg = Release|Any CPU
		{B15A000D-FC45-49E7-AD65-546E5A554931}.Release|Any CPU.Build.0 = Release|Any CPU
		{066EDAB4-5519-41F2-9A28-7957FA479CCE}.Debug|Any CPU.ActiveCfg = Debug|Any CPU
		{066EDAB4-5519-41F2-9A28-7957FA479CCE}.Debug|Any CPU.Build.0 = Debug|Any CPU
		{066EDAB4-5519-41F2-9A28-7957FA479CCE}.Release|Any CPU.ActiveCfg = Release|Any CPU
		{066EDAB4-5519-41F2-9A28-7957FA479CCE}.Release|Any CPU.Build.0 = Release|Any CPU
	EndGlobalSection
	GlobalSection(SolutionProperties) = preSolution
		HideSolutionNode = FALSE
	EndGlobalSection
	GlobalSection(ExtensibilityGlobals) = postSolution
		SolutionGuid = {407999AA-A610-43CB-810D-0547439A10EF}
	EndGlobalSection
EndGlobal
