
Microsoft Visual Studio Solution File, Format Version 12.00
# Visual Studio Version 16
VisualStudioVersion = 16.0.30523.141
MinimumVisualStudioVersion = 10.0.40219.1
Project("{9A19103F-16F7-4668-BE54-9A1E7A4F7556}") = "01CounterStrike", "01CounterStrike\01CounterStrike.csproj", "{C007D0AA-02BE-40E2-89F8-11BE6619E97F}"
EndProject
Project("{9A19103F-16F7-4668-BE54-9A1E7A4F7556}") = "02ShootForTheWin", "02ShootForTheWin\02ShootForTheWin.csproj", "{2BEF0EC5-BCC8-4CBD-8A55-A44CB5E2AE69}"
EndProject
Project("{9A19103F-16F7-4668-BE54-9A1E7A4F7556}") = "03MovingTarget", "03MovingTarget\03MovingTarget.csproj", "{916319BB-C28C-4B9A-A436-383FCBFC0A4E}"
EndProject
Global
	GlobalSection(SolutionConfigurationPlatforms) = preSolution
		Debug|Any CPU = Debug|Any CPU
		Release|Any CPU = Release|Any CPU
	EndGlobalSection
	GlobalSection(ProjectConfigurationPlatforms) = postSolution
		{C007D0AA-02BE-40E2-89F8-11BE6619E97F}.Debug|Any CPU.ActiveCfg = Debug|Any CPU
		{C007D0AA-02BE-40E2-89F8-11BE6619E97F}.Debug|Any CPU.Build.0 = Debug|Any CPU
		{C007D0AA-02BE-40E2-89F8-11BE6619E97F}.Release|Any CPU.ActiveCfg = Release|Any CPU
		{C007D0AA-02BE-40E2-89F8-11BE6619E97F}.Release|Any CPU.Build.0 = Release|Any CPU
		{2BEF0EC5-BCC8-4CBD-8A55-A44CB5E2AE69}.Debug|Any CPU.ActiveCfg = Debug|Any CPU
		{2BEF0EC5-BCC8-4CBD-8A55-A44CB5E2AE69}.Debug|Any CPU.Build.0 = Debug|Any CPU
		{2BEF0EC5-BCC8-4CBD-8A55-A44CB5E2AE69}.Release|Any CPU.ActiveCfg = Release|Any CPU
		{2BEF0EC5-BCC8-4CBD-8A55-A44CB5E2AE69}.Release|Any CPU.Build.0 = Release|Any CPU
		{916319BB-C28C-4B9A-A436-383FCBFC0A4E}.Debug|Any CPU.ActiveCfg = Debug|Any CPU
		{916319BB-C28C-4B9A-A436-383FCBFC0A4E}.Debug|Any CPU.Build.0 = Debug|Any CPU
		{916319BB-C28C-4B9A-A436-383FCBFC0A4E}.Release|Any CPU.ActiveCfg = Release|Any CPU
		{916319BB-C28C-4B9A-A436-383FCBFC0A4E}.Release|Any CPU.Build.0 = Release|Any CPU
	EndGlobalSection
	GlobalSection(SolutionProperties) = preSolution
		HideSolutionNode = FALSE
	EndGlobalSection
	GlobalSection(ExtensibilityGlobals) = postSolution
		SolutionGuid = {B8B1AA05-1202-45A2-B294-3DB5BB7E0AA5}
	EndGlobalSection
EndGlobal
