
Microsoft Visual Studio Solution File, Format Version 12.00
# Visual Studio Version 16
VisualStudioVersion = 16.0.30907.101
MinimumVisualStudioVersion = 10.0.40219.1
Project("{FAE04EC0-301F-11D3-BF4B-00C04F79EFBC}") = "01Cooking", "01Cooking\01Cooking.csproj", "{03AA33C4-BCFB-4654-B5CB-0E15568E4CEA}"
EndProject
Project("{FAE04EC0-301F-11D3-BF4B-00C04F79EFBC}") = "02Selling", "02Selling\02Selling.csproj", "{DD47C1BC-BC50-48DD-A755-92422B48FD04}"
EndProject
Global
	GlobalSection(SolutionConfigurationPlatforms) = preSolution
		Debug|Any CPU = Debug|Any CPU
		Release|Any CPU = Release|Any CPU
	EndGlobalSection
	GlobalSection(ProjectConfigurationPlatforms) = postSolution
		{03AA33C4-BCFB-4654-B5CB-0E15568E4CEA}.Debug|Any CPU.ActiveCfg = Debug|Any CPU
		{03AA33C4-BCFB-4654-B5CB-0E15568E4CEA}.Debug|Any CPU.Build.0 = Debug|Any CPU
		{03AA33C4-BCFB-4654-B5CB-0E15568E4CEA}.Release|Any CPU.ActiveCfg = Release|Any CPU
		{03AA33C4-BCFB-4654-B5CB-0E15568E4CEA}.Release|Any CPU.Build.0 = Release|Any CPU
		{DD47C1BC-BC50-48DD-A755-92422B48FD04}.Debug|Any CPU.ActiveCfg = Debug|Any CPU
		{DD47C1BC-BC50-48DD-A755-92422B48FD04}.Debug|Any CPU.Build.0 = Debug|Any CPU
		{DD47C1BC-BC50-48DD-A755-92422B48FD04}.Release|Any CPU.ActiveCfg = Release|Any CPU
		{DD47C1BC-BC50-48DD-A755-92422B48FD04}.Release|Any CPU.Build.0 = Release|Any CPU
	EndGlobalSection
	GlobalSection(SolutionProperties) = preSolution
		HideSolutionNode = FALSE
	EndGlobalSection
	GlobalSection(ExtensibilityGlobals) = postSolution
		SolutionGuid = {0BDB0C7B-3F78-4A85-86D3-82AF5A3CBDA3}
	EndGlobalSection
EndGlobal
