
Microsoft Visual Studio Solution File, Format Version 12.00
# Visual Studio Version 16
VisualStudioVersion = 16.0.30907.101
MinimumVisualStudioVersion = 10.0.40219.1
Project("{9A19103F-16F7-4668-BE54-9A1E7A4F7556}") = "01Shapes", "InterfacesAndAbstraction-Lab\01Shapes.csproj", "{1882F2A2-2BA8-4EC3-B664-23037F3E2172}"
EndProject
Project("{9A19103F-16F7-4668-BE54-9A1E7A4F7556}") = "02Cars", "02Cars\02Cars.csproj", "{292F0C38-7C6D-4121-94D9-B492F8B3CE2B}"
EndProject
Project("{FAE04EC0-301F-11D3-BF4B-00C04F79EFBC}") = "Abstraction", "Abstraction\Abstraction.csproj", "{2AE0EE4D-6EA8-40CE-922C-155C6B6F04BB}"
EndProject
Global
	GlobalSection(SolutionConfigurationPlatforms) = preSolution
		Debug|Any CPU = Debug|Any CPU
		Release|Any CPU = Release|Any CPU
	EndGlobalSection
	GlobalSection(ProjectConfigurationPlatforms) = postSolution
		{1882F2A2-2BA8-4EC3-B664-23037F3E2172}.Debug|Any CPU.ActiveCfg = Debug|Any CPU
		{1882F2A2-2BA8-4EC3-B664-23037F3E2172}.Debug|Any CPU.Build.0 = Debug|Any CPU
		{1882F2A2-2BA8-4EC3-B664-23037F3E2172}.Release|Any CPU.ActiveCfg = Release|Any CPU
		{1882F2A2-2BA8-4EC3-B664-23037F3E2172}.Release|Any CPU.Build.0 = Release|Any CPU
		{292F0C38-7C6D-4121-94D9-B492F8B3CE2B}.Debug|Any CPU.ActiveCfg = Debug|Any CPU
		{292F0C38-7C6D-4121-94D9-B492F8B3CE2B}.Debug|Any CPU.Build.0 = Debug|Any CPU
		{292F0C38-7C6D-4121-94D9-B492F8B3CE2B}.Release|Any CPU.ActiveCfg = Release|Any CPU
		{292F0C38-7C6D-4121-94D9-B492F8B3CE2B}.Release|Any CPU.Build.0 = Release|Any CPU
		{2AE0EE4D-6EA8-40CE-922C-155C6B6F04BB}.Debug|Any CPU.ActiveCfg = Debug|Any CPU
		{2AE0EE4D-6EA8-40CE-922C-155C6B6F04BB}.Debug|Any CPU.Build.0 = Debug|Any CPU
		{2AE0EE4D-6EA8-40CE-922C-155C6B6F04BB}.Release|Any CPU.ActiveCfg = Release|Any CPU
		{2AE0EE4D-6EA8-40CE-922C-155C6B6F04BB}.Release|Any CPU.Build.0 = Release|Any CPU
	EndGlobalSection
	GlobalSection(SolutionProperties) = preSolution
		HideSolutionNode = FALSE
	EndGlobalSection
	GlobalSection(ExtensibilityGlobals) = postSolution
		SolutionGuid = {DB03ED66-1873-4C4A-9989-188FA4B32843}
	EndGlobalSection
EndGlobal
