
Microsoft Visual Studio Solution File, Format Version 12.00
# Visual Studio Version 16
VisualStudioVersion = 16.0.29403.142
MinimumVisualStudioVersion = 10.0.40219.1
Project("{9A19103F-16F7-4668-BE54-9A1E7A4F7556}") = "NumberPyramid", "NumberPyramid\NumberPyramid.csproj", "{3C65B532-DD42-43AF-B669-EC0281BCEA73}"
EndProject
Project("{9A19103F-16F7-4668-BE54-9A1E7A4F7556}") = "EqualSumsEvenOddPosition", "EqualSumsEvenOddPosition\EqualSumsEvenOddPosition.csproj", "{62ED0CC6-E1CD-43CF-96F5-31266776A0BA}"
EndProject
Project("{9A19103F-16F7-4668-BE54-9A1E7A4F7556}") = "SumPrimeNonPrime", "SumPrimeNonPrime\SumPrimeNonPrime.csproj", "{F174FA93-99CD-435C-B507-3C227F6BDED1}"
EndProject
Project("{FAE04EC0-301F-11D3-BF4B-00C04F79EFBC}") = "TrainTheTrainers", "TrainTheTrainers\TrainTheTrainers.csproj", "{9230331E-AC31-4E1E-BFEB-4B9114F42CDA}"
EndProject
Project("{FAE04EC0-301F-11D3-BF4B-00C04F79EFBC}") = "PasswordGenerator", "PasswordGenerator\PasswordGenerator.csproj", "{F43C930E-30BE-4226-AB67-6B9DAEB20829}"
EndProject
Global
	GlobalSection(SolutionConfigurationPlatforms) = preSolution
		Debug|Any CPU = Debug|Any CPU
		Release|Any CPU = Release|Any CPU
	EndGlobalSection
	GlobalSection(ProjectConfigurationPlatforms) = postSolution
		{3C65B532-DD42-43AF-B669-EC0281BCEA73}.Debug|Any CPU.ActiveCfg = Debug|Any CPU
		{3C65B532-DD42-43AF-B669-EC0281BCEA73}.Debug|Any CPU.Build.0 = Debug|Any CPU
		{3C65B532-DD42-43AF-B669-EC0281BCEA73}.Release|Any CPU.ActiveCfg = Release|Any CPU
		{3C65B532-DD42-43AF-B669-EC0281BCEA73}.Release|Any CPU.Build.0 = Release|Any CPU
		{62ED0CC6-E1CD-43CF-96F5-31266776A0BA}.Debug|Any CPU.ActiveCfg = Debug|Any CPU
		{62ED0CC6-E1CD-43CF-96F5-31266776A0BA}.Debug|Any CPU.Build.0 = Debug|Any CPU
		{62ED0CC6-E1CD-43CF-96F5-31266776A0BA}.Release|Any CPU.ActiveCfg = Release|Any CPU
		{62ED0CC6-E1CD-43CF-96F5-31266776A0BA}.Release|Any CPU.Build.0 = Release|Any CPU
		{F174FA93-99CD-435C-B507-3C227F6BDED1}.Debug|Any CPU.ActiveCfg = Debug|Any CPU
		{F174FA93-99CD-435C-B507-3C227F6BDED1}.Debug|Any CPU.Build.0 = Debug|Any CPU
		{F174FA93-99CD-435C-B507-3C227F6BDED1}.Release|Any CPU.ActiveCfg = Release|Any CPU
		{F174FA93-99CD-435C-B507-3C227F6BDED1}.Release|Any CPU.Build.0 = Release|Any CPU
		{9230331E-AC31-4E1E-BFEB-4B9114F42CDA}.Debug|Any CPU.ActiveCfg = Debug|Any CPU
		{9230331E-AC31-4E1E-BFEB-4B9114F42CDA}.Debug|Any CPU.Build.0 = Debug|Any CPU
		{9230331E-AC31-4E1E-BFEB-4B9114F42CDA}.Release|Any CPU.ActiveCfg = Release|Any CPU
		{9230331E-AC31-4E1E-BFEB-4B9114F42CDA}.Release|Any CPU.Build.0 = Release|Any CPU
		{F43C930E-30BE-4226-AB67-6B9DAEB20829}.Debug|Any CPU.ActiveCfg = Debug|Any CPU
		{F43C930E-30BE-4226-AB67-6B9DAEB20829}.Debug|Any CPU.Build.0 = Debug|Any CPU
		{F43C930E-30BE-4226-AB67-6B9DAEB20829}.Release|Any CPU.ActiveCfg = Release|Any CPU
		{F43C930E-30BE-4226-AB67-6B9DAEB20829}.Release|Any CPU.Build.0 = Release|Any CPU
	EndGlobalSection
	GlobalSection(SolutionProperties) = preSolution
		HideSolutionNode = FALSE
	EndGlobalSection
	GlobalSection(ExtensibilityGlobals) = postSolution
		SolutionGuid = {466F3F69-E0B3-47BB-9160-670CF5E950FA}
	EndGlobalSection
EndGlobal
