
Microsoft Visual Studio Solution File, Format Version 12.00
# Visual Studio Version 16
VisualStudioVersion = 16.0.30523.141
MinimumVisualStudioVersion = 10.0.40219.1
Project("{9A19103F-16F7-4668-BE54-9A1E7A4F7556}") = "01NextLevel", "01NextLevel\01NextLevel.csproj", "{90D41E42-D811-44CD-A54E-B257F15D907E}"
EndProject
Project("{9A19103F-16F7-4668-BE54-9A1E7A4F7556}") = "02Loot", "02Loot\02Loot.csproj", "{01A66F2B-09FB-4B59-A17C-CFFAAFD3A1E3}"
EndProject
Project("{9A19103F-16F7-4668-BE54-9A1E7A4F7556}") = "03AngryPet", "03AngryPet\03AngryPet.csproj", "{C04D4AD0-A9A1-4EFC-8654-EE04E360AC4C}"
EndProject
Global
	GlobalSection(SolutionConfigurationPlatforms) = preSolution
		Debug|Any CPU = Debug|Any CPU
		Release|Any CPU = Release|Any CPU
	EndGlobalSection
	GlobalSection(ProjectConfigurationPlatforms) = postSolution
		{90D41E42-D811-44CD-A54E-B257F15D907E}.Debug|Any CPU.ActiveCfg = Debug|Any CPU
		{90D41E42-D811-44CD-A54E-B257F15D907E}.Debug|Any CPU.Build.0 = Debug|Any CPU
		{90D41E42-D811-44CD-A54E-B257F15D907E}.Release|Any CPU.ActiveCfg = Release|Any CPU
		{90D41E42-D811-44CD-A54E-B257F15D907E}.Release|Any CPU.Build.0 = Release|Any CPU
		{01A66F2B-09FB-4B59-A17C-CFFAAFD3A1E3}.Debug|Any CPU.ActiveCfg = Debug|Any CPU
		{01A66F2B-09FB-4B59-A17C-CFFAAFD3A1E3}.Debug|Any CPU.Build.0 = Debug|Any CPU
		{01A66F2B-09FB-4B59-A17C-CFFAAFD3A1E3}.Release|Any CPU.ActiveCfg = Release|Any CPU
		{01A66F2B-09FB-4B59-A17C-CFFAAFD3A1E3}.Release|Any CPU.Build.0 = Release|Any CPU
		{C04D4AD0-A9A1-4EFC-8654-EE04E360AC4C}.Debug|Any CPU.ActiveCfg = Debug|Any CPU
		{C04D4AD0-A9A1-4EFC-8654-EE04E360AC4C}.Debug|Any CPU.Build.0 = Debug|Any CPU
		{C04D4AD0-A9A1-4EFC-8654-EE04E360AC4C}.Release|Any CPU.ActiveCfg = Release|Any CPU
		{C04D4AD0-A9A1-4EFC-8654-EE04E360AC4C}.Release|Any CPU.Build.0 = Release|Any CPU
	EndGlobalSection
	GlobalSection(SolutionProperties) = preSolution
		HideSolutionNode = FALSE
	EndGlobalSection
	GlobalSection(ExtensibilityGlobals) = postSolution
		SolutionGuid = {34A8E616-1133-4027-8A81-17A460B935EB}
	EndGlobalSection
EndGlobal
