
Microsoft Visual Studio Solution File, Format Version 12.00
# Visual Studio Version 16
VisualStudioVersion = 16.0.30709.132
MinimumVisualStudioVersion = 10.0.40219.1
Project("{9A19103F-16F7-4668-BE54-9A1E7A4F7556}") = "01ActionPrint", "01ActionPrint\01ActionPrint.csproj", "{1DA418E9-BD6C-4E81-A2E2-ED9A4F12FF87}"
EndProject
Project("{9A19103F-16F7-4668-BE54-9A1E7A4F7556}") = "02KnightsOfHonor", "02KnightsOfHonor\02KnightsOfHonor.csproj", "{B6C8723D-5DCA-4DD7-8106-960B7EEEE2D2}"
EndProject
Project("{9A19103F-16F7-4668-BE54-9A1E7A4F7556}") = "03CustomMinFunction", "03CustomMinFunction\03CustomMinFunction.csproj", "{E1E5D7CC-92E3-4002-A037-FA7E1351F2A9}"
EndProject
Project("{9A19103F-16F7-4668-BE54-9A1E7A4F7556}") = "04FindEvensOrOdds", "04FindEvensOrOdds\04FindEvensOrOdds.csproj", "{9F5D6A45-FF32-406A-ACB0-7F2C3B00668E}"
EndProject
Project("{9A19103F-16F7-4668-BE54-9A1E7A4F7556}") = "05AppliedArithmetics", "05AppliedArithmetics\05AppliedArithmetics.csproj", "{9F8985E5-7B0E-4922-86BF-929172363D17}"
EndProject
Project("{9A19103F-16F7-4668-BE54-9A1E7A4F7556}") = "06ReverseAndExclude", "06ReverseAndExclude\06ReverseAndExclude.csproj", "{A1AB9B17-8C7F-441F-A88A-86DBF451A7B5}"
EndProject
Project("{9A19103F-16F7-4668-BE54-9A1E7A4F7556}") = "07PredicateForNames", "07PredicateForNames\07PredicateForNames.csproj", "{C158750D-9CB2-4E4B-ACE2-5D27B56AAE23}"
EndProject
Project("{9A19103F-16F7-4668-BE54-9A1E7A4F7556}") = "08CustomComparator", "08CustomComparator\08CustomComparator.csproj", "{42C771C0-2EF7-425D-A1A7-24CA2B14F63F}"
EndProject
Project("{9A19103F-16F7-4668-BE54-9A1E7A4F7556}") = "09ListOfPredicates", "09ListOfPredicates\09ListOfPredicates.csproj", "{5C4634AC-923F-49BD-991E-27D8F5671BAE}"
EndProject
Project("{FAE04EC0-301F-11D3-BF4B-00C04F79EFBC}") = "10PredicateParty!", "10PredicateParty!\10PredicateParty!.csproj", "{39779DB3-A556-442A-93DB-58C928DE885D}"
EndProject
Project("{FAE04EC0-301F-11D3-BF4B-00C04F79EFBC}") = "11ThePartyReservationFilterModule", "11ThePartyReservationFilterModule\11ThePartyReservationFilterModule.csproj", "{56C05D7A-8EEB-43D6-86F8-6B27B9E28B65}"
EndProject
Project("{FAE04EC0-301F-11D3-BF4B-00C04F79EFBC}") = "12TriFunction", "12TriFunction\12TriFunction.csproj", "{C39C18DA-5D7F-4DE7-ADC7-2550A657166D}"
EndProject
Global
	GlobalSection(SolutionConfigurationPlatforms) = preSolution
		Debug|Any CPU = Debug|Any CPU
		Release|Any CPU = Release|Any CPU
	EndGlobalSection
	GlobalSection(ProjectConfigurationPlatforms) = postSolution
		{1DA418E9-BD6C-4E81-A2E2-ED9A4F12FF87}.Debug|Any CPU.ActiveCfg = Debug|Any CPU
		{1DA418E9-BD6C-4E81-A2E2-ED9A4F12FF87}.Debug|Any CPU.Build.0 = Debug|Any CPU
		{1DA418E9-BD6C-4E81-A2E2-ED9A4F12FF87}.Release|Any CPU.ActiveCfg = Release|Any CPU
		{1DA418E9-BD6C-4E81-A2E2-ED9A4F12FF87}.Release|Any CPU.Build.0 = Release|Any CPU
		{B6C8723D-5DCA-4DD7-8106-960B7EEEE2D2}.Debug|Any CPU.ActiveCfg = Debug|Any CPU
		{B6C8723D-5DCA-4DD7-8106-960B7EEEE2D2}.Debug|Any CPU.Build.0 = Debug|Any CPU
		{B6C8723D-5DCA-4DD7-8106-960B7EEEE2D2}.Release|Any CPU.ActiveCfg = Release|Any CPU
		{B6C8723D-5DCA-4DD7-8106-960B7EEEE2D2}.Release|Any CPU.Build.0 = Release|Any CPU
		{E1E5D7CC-92E3-4002-A037-FA7E1351F2A9}.Debug|Any CPU.ActiveCfg = Debug|Any CPU
		{E1E5D7CC-92E3-4002-A037-FA7E1351F2A9}.Debug|Any CPU.Build.0 = Debug|Any CPU
		{E1E5D7CC-92E3-4002-A037-FA7E1351F2A9}.Release|Any CPU.ActiveCfg = Release|Any CPU
		{E1E5D7CC-92E3-4002-A037-FA7E1351F2A9}.Release|Any CPU.Build.0 = Release|Any CPU
		{9F5D6A45-FF32-406A-ACB0-7F2C3B00668E}.Debug|Any CPU.ActiveCfg = Debug|Any CPU
		{9F5D6A45-FF32-406A-ACB0-7F2C3B00668E}.Debug|Any CPU.Build.0 = Debug|Any CPU
		{9F5D6A45-FF32-406A-ACB0-7F2C3B00668E}.Release|Any CPU.ActiveCfg = Release|Any CPU
		{9F5D6A45-FF32-406A-ACB0-7F2C3B00668E}.Release|Any CPU.Build.0 = Release|Any CPU
		{9F8985E5-7B0E-4922-86BF-929172363D17}.Debug|Any CPU.ActiveCfg = Debug|Any CPU
		{9F8985E5-7B0E-4922-86BF-929172363D17}.Debug|Any CPU.Build.0 = Debug|Any CPU
		{9F8985E5-7B0E-4922-86BF-929172363D17}.Release|Any CPU.ActiveCfg = Release|Any CPU
		{9F8985E5-7B0E-4922-86BF-929172363D17}.Release|Any CPU.Build.0 = Release|Any CPU
		{A1AB9B17-8C7F-441F-A88A-86DBF451A7B5}.Debug|Any CPU.ActiveCfg = Debug|Any CPU
		{A1AB9B17-8C7F-441F-A88A-86DBF451A7B5}.Debug|Any CPU.Build.0 = Debug|Any CPU
		{A1AB9B17-8C7F-441F-A88A-86DBF451A7B5}.Release|Any CPU.ActiveCfg = Release|Any CPU
		{A1AB9B17-8C7F-441F-A88A-86DBF451A7B5}.Release|Any CPU.Build.0 = Release|Any CPU
		{C158750D-9CB2-4E4B-ACE2-5D27B56AAE23}.Debug|Any CPU.ActiveCfg = Debug|Any CPU
		{C158750D-9CB2-4E4B-ACE2-5D27B56AAE23}.Debug|Any CPU.Build.0 = Debug|Any CPU
		{C158750D-9CB2-4E4B-ACE2-5D27B56AAE23}.Release|Any CPU.ActiveCfg = Release|Any CPU
		{C158750D-9CB2-4E4B-ACE2-5D27B56AAE23}.Release|Any CPU.Build.0 = Release|Any CPU
		{42C771C0-2EF7-425D-A1A7-24CA2B14F63F}.Debug|Any CPU.ActiveCfg = Debug|Any CPU
		{42C771C0-2EF7-425D-A1A7-24CA2B14F63F}.Debug|Any CPU.Build.0 = Debug|Any CPU
		{42C771C0-2EF7-425D-A1A7-24CA2B14F63F}.Release|Any CPU.ActiveCfg = Release|Any CPU
		{42C771C0-2EF7-425D-A1A7-24CA2B14F63F}.Release|Any CPU.Build.0 = Release|Any CPU
		{5C4634AC-923F-49BD-991E-27D8F5671BAE}.Debug|Any CPU.ActiveCfg = Debug|Any CPU
		{5C4634AC-923F-49BD-991E-27D8F5671BAE}.Debug|Any CPU.Build.0 = Debug|Any CPU
		{5C4634AC-923F-49BD-991E-27D8F5671BAE}.Release|Any CPU.ActiveCfg = Release|Any CPU
		{5C4634AC-923F-49BD-991E-27D8F5671BAE}.Release|Any CPU.Build.0 = Release|Any CPU
		{39779DB3-A556-442A-93DB-58C928DE885D}.Debug|Any CPU.ActiveCfg = Debug|Any CPU
		{39779DB3-A556-442A-93DB-58C928DE885D}.Debug|Any CPU.Build.0 = Debug|Any CPU
		{39779DB3-A556-442A-93DB-58C928DE885D}.Release|Any CPU.ActiveCfg = Release|Any CPU
		{39779DB3-A556-442A-93DB-58C928DE885D}.Release|Any CPU.Build.0 = Release|Any CPU
		{56C05D7A-8EEB-43D6-86F8-6B27B9E28B65}.Debug|Any CPU.ActiveCfg = Debug|Any CPU
		{56C05D7A-8EEB-43D6-86F8-6B27B9E28B65}.Debug|Any CPU.Build.0 = Debug|Any CPU
		{56C05D7A-8EEB-43D6-86F8-6B27B9E28B65}.Release|Any CPU.ActiveCfg = Release|Any CPU
		{56C05D7A-8EEB-43D6-86F8-6B27B9E28B65}.Release|Any CPU.Build.0 = Release|Any CPU
		{C39C18DA-5D7F-4DE7-ADC7-2550A657166D}.Debug|Any CPU.ActiveCfg = Debug|Any CPU
		{C39C18DA-5D7F-4DE7-ADC7-2550A657166D}.Debug|Any CPU.Build.0 = Debug|Any CPU
		{C39C18DA-5D7F-4DE7-ADC7-2550A657166D}.Release|Any CPU.ActiveCfg = Release|Any CPU
		{C39C18DA-5D7F-4DE7-ADC7-2550A657166D}.Release|Any CPU.Build.0 = Release|Any CPU
	EndGlobalSection
	GlobalSection(SolutionProperties) = preSolution
		HideSolutionNode = FALSE
	EndGlobalSection
	GlobalSection(ExtensibilityGlobals) = postSolution
		SolutionGuid = {CC58813E-4AF9-470E-A49B-04D50D1669CD}
	EndGlobalSection
EndGlobal
