
Microsoft Visual Studio Solution File, Format Version 12.00
# Visual Studio Version 16
VisualStudioVersion = 16.0.30907.101
MinimumVisualStudioVersion = 10.0.40219.1
Project("{FAE04EC0-301F-11D3-BF4B-00C04F79EFBC}") = "BoxOfT", "1BoxOfT\BoxOfT.csproj", "{1E658CB9-A551-482C-810C-5181E1B32C0B}"
EndProject
Project("{FAE04EC0-301F-11D3-BF4B-00C04F79EFBC}") = "GenericArrayCreator", "2ArrayCreator\GenericArrayCreator.csproj", "{C84D9A03-EDDE-4E3A-B214-5368C1E9BD9E}"
EndProject
Project("{FAE04EC0-301F-11D3-BF4B-00C04F79EFBC}") = "GenericScale", "GenericScale\GenericScale.csproj", "{C58FCEC0-B043-43B6-9CEE-11D16741FFDC}"
EndProject
Global
	GlobalSection(SolutionConfigurationPlatforms) = preSolution
		Debug|Any CPU = Debug|Any CPU
		Release|Any CPU = Release|Any CPU
	EndGlobalSection
	GlobalSection(ProjectConfigurationPlatforms) = postSolution
		{1E658CB9-A551-482C-810C-5181E1B32C0B}.Debug|Any CPU.ActiveCfg = Debug|Any CPU
		{1E658CB9-A551-482C-810C-5181E1B32C0B}.Debug|Any CPU.Build.0 = Debug|Any CPU
		{1E658CB9-A551-482C-810C-5181E1B32C0B}.Release|Any CPU.ActiveCfg = Release|Any CPU
		{1E658CB9-A551-482C-810C-5181E1B32C0B}.Release|Any CPU.Build.0 = Release|Any CPU
		{C84D9A03-EDDE-4E3A-B214-5368C1E9BD9E}.Debug|Any CPU.ActiveCfg = Debug|Any CPU
		{C84D9A03-EDDE-4E3A-B214-5368C1E9BD9E}.Debug|Any CPU.Build.0 = Debug|Any CPU
		{C84D9A03-EDDE-4E3A-B214-5368C1E9BD9E}.Release|Any CPU.ActiveCfg = Release|Any CPU
		{C84D9A03-EDDE-4E3A-B214-5368C1E9BD9E}.Release|Any CPU.Build.0 = Release|Any CPU
		{C58FCEC0-B043-43B6-9CEE-11D16741FFDC}.Debug|Any CPU.ActiveCfg = Debug|Any CPU
		{C58FCEC0-B043-43B6-9CEE-11D16741FFDC}.Debug|Any CPU.Build.0 = Debug|Any CPU
		{C58FCEC0-B043-43B6-9CEE-11D16741FFDC}.Release|Any CPU.ActiveCfg = Release|Any CPU
		{C58FCEC0-B043-43B6-9CEE-11D16741FFDC}.Release|Any CPU.Build.0 = Release|Any CPU
	EndGlobalSection
	GlobalSection(SolutionProperties) = preSolution
		HideSolutionNode = FALSE
	EndGlobalSection
	GlobalSection(ExtensibilityGlobals) = postSolution
		SolutionGuid = {D5AE9986-B8C7-4F00-B9A3-74919790E68A}
	EndGlobalSection
EndGlobal
