
Microsoft Visual Studio Solution File, Format Version 12.00
# Visual Studio Version 16
VisualStudioVersion = 16.0.29403.142
MinimumVisualStudioVersion = 10.0.40219.1
Project("{9A19103F-16F7-4668-BE54-9A1E7A4F7556}") = "01SuppliesForSchool", "01SuppliesForSchool\01SuppliesForSchool.csproj", "{EE4FE56A-3752-4954-8C32-016DDF6FF22F}"
EndProject
Project("{9A19103F-16F7-4668-BE54-9A1E7A4F7556}") = "02MountainRun", "02MountainRun\02MountainRun.csproj", "{BDDC0471-C0F3-4CCE-9EB2-618CA0820E8D}"
EndProject
Project("{9A19103F-16F7-4668-BE54-9A1E7A4F7556}") = "03FitnessCard", "03FitnessCard\03FitnessCard.csproj", "{D581742F-A2C6-4C85-9579-56FD4903FBF2}"
EndProject
Project("{9A19103F-16F7-4668-BE54-9A1E7A4F7556}") = "04TrekkingMania", "04TrekkingMania\04TrekkingMania.csproj", "{1835118A-4942-4844-82A6-F57DB6C6ADC5}"
EndProject
Project("{9A19103F-16F7-4668-BE54-9A1E7A4F7556}") = "05SuitcasesLoad1", "05SuitcasesLoad1\05SuitcasesLoad1.csproj", "{B4E0CFAA-E5FD-42A5-9BB0-90136544212B}"
EndProject
Global
	GlobalSection(SolutionConfigurationPlatforms) = preSolution
		Debug|Any CPU = Debug|Any CPU
		Release|Any CPU = Release|Any CPU
	EndGlobalSection
	GlobalSection(ProjectConfigurationPlatforms) = postSolution
		{EE4FE56A-3752-4954-8C32-016DDF6FF22F}.Debug|Any CPU.ActiveCfg = Debug|Any CPU
		{EE4FE56A-3752-4954-8C32-016DDF6FF22F}.Debug|Any CPU.Build.0 = Debug|Any CPU
		{EE4FE56A-3752-4954-8C32-016DDF6FF22F}.Release|Any CPU.ActiveCfg = Release|Any CPU
		{EE4FE56A-3752-4954-8C32-016DDF6FF22F}.Release|Any CPU.Build.0 = Release|Any CPU
		{BDDC0471-C0F3-4CCE-9EB2-618CA0820E8D}.Debug|Any CPU.ActiveCfg = Debug|Any CPU
		{BDDC0471-C0F3-4CCE-9EB2-618CA0820E8D}.Debug|Any CPU.Build.0 = Debug|Any CPU
		{BDDC0471-C0F3-4CCE-9EB2-618CA0820E8D}.Release|Any CPU.ActiveCfg = Release|Any CPU
		{BDDC0471-C0F3-4CCE-9EB2-618CA0820E8D}.Release|Any CPU.Build.0 = Release|Any CPU
		{D581742F-A2C6-4C85-9579-56FD4903FBF2}.Debug|Any CPU.ActiveCfg = Debug|Any CPU
		{D581742F-A2C6-4C85-9579-56FD4903FBF2}.Debug|Any CPU.Build.0 = Debug|Any CPU
		{D581742F-A2C6-4C85-9579-56FD4903FBF2}.Release|Any CPU.ActiveCfg = Release|Any CPU
		{D581742F-A2C6-4C85-9579-56FD4903FBF2}.Release|Any CPU.Build.0 = Release|Any CPU
		{1835118A-4942-4844-82A6-F57DB6C6ADC5}.Debug|Any CPU.ActiveCfg = Debug|Any CPU
		{1835118A-4942-4844-82A6-F57DB6C6ADC5}.Debug|Any CPU.Build.0 = Debug|Any CPU
		{1835118A-4942-4844-82A6-F57DB6C6ADC5}.Release|Any CPU.ActiveCfg = Release|Any CPU
		{1835118A-4942-4844-82A6-F57DB6C6ADC5}.Release|Any CPU.Build.0 = Release|Any CPU
		{B4E0CFAA-E5FD-42A5-9BB0-90136544212B}.Debug|Any CPU.ActiveCfg = Debug|Any CPU
		{B4E0CFAA-E5FD-42A5-9BB0-90136544212B}.Debug|Any CPU.Build.0 = Debug|Any CPU
		{B4E0CFAA-E5FD-42A5-9BB0-90136544212B}.Release|Any CPU.ActiveCfg = Release|Any CPU
		{B4E0CFAA-E5FD-42A5-9BB0-90136544212B}.Release|Any CPU.Build.0 = Release|Any CPU
	EndGlobalSection
	GlobalSection(SolutionProperties) = preSolution
		HideSolutionNode = FALSE
	EndGlobalSection
	GlobalSection(ExtensibilityGlobals) = postSolution
		SolutionGuid = {76910D26-D18B-4E70-882C-0D91EB9B9EF9}
	EndGlobalSection
EndGlobal
