
Microsoft Visual Studio Solution File, Format Version 12.00
# Visual Studio Version 16
VisualStudioVersion = 16.0.30907.101
MinimumVisualStudioVersion = 10.0.40219.1
Project("{FAE04EC0-301F-11D3-BF4B-00C04F79EFBC}") = "01Bombs", "01Bombs\01Bombs.csproj", "{5717EFE6-731D-4CD6-9CD0-2CB605F403DA}"
EndProject
Project("{FAE04EC0-301F-11D3-BF4B-00C04F79EFBC}") = "02Snake", "02Snake\02Snake.csproj", "{3611EA62-FC2D-4B1A-937F-1D9242FCD02C}"
EndProject
Project("{9A19103F-16F7-4668-BE54-9A1E7A4F7556}") = "Parking", "03Parking\Parking.csproj", "{005877F0-367E-4792-AE49-4D867FF5C3F4}"
EndProject
Global
	GlobalSection(SolutionConfigurationPlatforms) = preSolution
		Debug|Any CPU = Debug|Any CPU
		Release|Any CPU = Release|Any CPU
	EndGlobalSection
	GlobalSection(ProjectConfigurationPlatforms) = postSolution
		{5717EFE6-731D-4CD6-9CD0-2CB605F403DA}.Debug|Any CPU.ActiveCfg = Debug|Any CPU
		{5717EFE6-731D-4CD6-9CD0-2CB605F403DA}.Debug|Any CPU.Build.0 = Debug|Any CPU
		{5717EFE6-731D-4CD6-9CD0-2CB605F403DA}.Release|Any CPU.ActiveCfg = Release|Any CPU
		{5717EFE6-731D-4CD6-9CD0-2CB605F403DA}.Release|Any CPU.Build.0 = Release|Any CPU
		{3611EA62-FC2D-4B1A-937F-1D9242FCD02C}.Debug|Any CPU.ActiveCfg = Debug|Any CPU
		{3611EA62-FC2D-4B1A-937F-1D9242FCD02C}.Debug|Any CPU.Build.0 = Debug|Any CPU
		{3611EA62-FC2D-4B1A-937F-1D9242FCD02C}.Release|Any CPU.ActiveCfg = Release|Any CPU
		{3611EA62-FC2D-4B1A-937F-1D9242FCD02C}.Release|Any CPU.Build.0 = Release|Any CPU
		{005877F0-367E-4792-AE49-4D867FF5C3F4}.Debug|Any CPU.ActiveCfg = Debug|Any CPU
		{005877F0-367E-4792-AE49-4D867FF5C3F4}.Debug|Any CPU.Build.0 = Debug|Any CPU
		{005877F0-367E-4792-AE49-4D867FF5C3F4}.Release|Any CPU.ActiveCfg = Release|Any CPU
		{005877F0-367E-4792-AE49-4D867FF5C3F4}.Release|Any CPU.Build.0 = Release|Any CPU
	EndGlobalSection
	GlobalSection(SolutionProperties) = preSolution
		HideSolutionNode = FALSE
	EndGlobalSection
	GlobalSection(ExtensibilityGlobals) = postSolution
		SolutionGuid = {71A89152-9D80-4A2E-B182-332CD938A8F8}
	EndGlobalSection
EndGlobal
