
Microsoft Visual Studio Solution File, Format Version 12.00
# Visual Studio Version 16
VisualStudioVersion = 16.0.30907.101
MinimumVisualStudioVersion = 10.0.40219.1
Project("{9A19103F-16F7-4668-BE54-9A1E7A4F7556}") = "01RecursiveArraySum", "01RecursiveArraySum\01RecursiveArraySum.csproj", "{C6749F60-09A5-451B-98FF-CAE3E245A1F4}"
EndProject
Project("{9A19103F-16F7-4668-BE54-9A1E7A4F7556}") = "02RecursiveFactorial", "02RecursiveFactorial\02RecursiveFactorial.csproj", "{69080E84-1F46-4E89-86FF-29E570905B02}"
EndProject
Project("{FAE04EC0-301F-11D3-BF4B-00C04F79EFBC}") = "03SumOfCoins", "03SumOfCoins\03SumOfCoins.csproj", "{0DB2F0EA-9D35-48BE-BEB5-A5EF8CFCA553}"
EndProject
Global
	GlobalSection(SolutionConfigurationPlatforms) = preSolution
		Debug|Any CPU = Debug|Any CPU
		Release|Any CPU = Release|Any CPU
	EndGlobalSection
	GlobalSection(ProjectConfigurationPlatforms) = postSolution
		{C6749F60-09A5-451B-98FF-CAE3E245A1F4}.Debug|Any CPU.ActiveCfg = Debug|Any CPU
		{C6749F60-09A5-451B-98FF-CAE3E245A1F4}.Debug|Any CPU.Build.0 = Debug|Any CPU
		{C6749F60-09A5-451B-98FF-CAE3E245A1F4}.Release|Any CPU.ActiveCfg = Release|Any CPU
		{C6749F60-09A5-451B-98FF-CAE3E245A1F4}.Release|Any CPU.Build.0 = Release|Any CPU
		{69080E84-1F46-4E89-86FF-29E570905B02}.Debug|Any CPU.ActiveCfg = Debug|Any CPU
		{69080E84-1F46-4E89-86FF-29E570905B02}.Debug|Any CPU.Build.0 = Debug|Any CPU
		{69080E84-1F46-4E89-86FF-29E570905B02}.Release|Any CPU.ActiveCfg = Release|Any CPU
		{69080E84-1F46-4E89-86FF-29E570905B02}.Release|Any CPU.Build.0 = Release|Any CPU
		{0DB2F0EA-9D35-48BE-BEB5-A5EF8CFCA553}.Debug|Any CPU.ActiveCfg = Debug|Any CPU
		{0DB2F0EA-9D35-48BE-BEB5-A5EF8CFCA553}.Debug|Any CPU.Build.0 = Debug|Any CPU
		{0DB2F0EA-9D35-48BE-BEB5-A5EF8CFCA553}.Release|Any CPU.ActiveCfg = Release|Any CPU
		{0DB2F0EA-9D35-48BE-BEB5-A5EF8CFCA553}.Release|Any CPU.Build.0 = Release|Any CPU
	EndGlobalSection
	GlobalSection(SolutionProperties) = preSolution
		HideSolutionNode = FALSE
	EndGlobalSection
	GlobalSection(ExtensibilityGlobals) = postSolution
		SolutionGuid = {E6536648-6719-4596-8886-5CB329424E45}
	EndGlobalSection
EndGlobal
