
Microsoft Visual Studio Solution File, Format Version 12.00
# Visual Studio Version 16
VisualStudioVersion = 16.0.30523.141
MinimumVisualStudioVersion = 10.0.40219.1
Project("{9A19103F-16F7-4668-BE54-9A1E7A4F7556}") = "BonusPoints", "BonusPoints\BonusPoints.csproj", "{CB524A2C-DB25-4046-ACD0-E09FE3E85BC2}"
EndProject
Project("{9A19103F-16F7-4668-BE54-9A1E7A4F7556}") = "02MuOnline", "02MuOnline\02MuOnline.csproj", "{D66C7B57-EE34-4240-975D-E486173EF9A7}"
EndProject
Project("{9A19103F-16F7-4668-BE54-9A1E7A4F7556}") = "03Inventory", "03Inventory\03Inventory.csproj", "{85198B07-85C5-4983-9B3D-A0983257C2C2}"
EndProject
Global
	GlobalSection(SolutionConfigurationPlatforms) = preSolution
		Debug|Any CPU = Debug|Any CPU
		Release|Any CPU = Release|Any CPU
	EndGlobalSection
	GlobalSection(ProjectConfigurationPlatforms) = postSolution
		{CB524A2C-DB25-4046-ACD0-E09FE3E85BC2}.Debug|Any CPU.ActiveCfg = Debug|Any CPU
		{CB524A2C-DB25-4046-ACD0-E09FE3E85BC2}.Debug|Any CPU.Build.0 = Debug|Any CPU
		{CB524A2C-DB25-4046-ACD0-E09FE3E85BC2}.Release|Any CPU.ActiveCfg = Release|Any CPU
		{CB524A2C-DB25-4046-ACD0-E09FE3E85BC2}.Release|Any CPU.Build.0 = Release|Any CPU
		{D66C7B57-EE34-4240-975D-E486173EF9A7}.Debug|Any CPU.ActiveCfg = Debug|Any CPU
		{D66C7B57-EE34-4240-975D-E486173EF9A7}.Debug|Any CPU.Build.0 = Debug|Any CPU
		{D66C7B57-EE34-4240-975D-E486173EF9A7}.Release|Any CPU.ActiveCfg = Release|Any CPU
		{D66C7B57-EE34-4240-975D-E486173EF9A7}.Release|Any CPU.Build.0 = Release|Any CPU
		{85198B07-85C5-4983-9B3D-A0983257C2C2}.Debug|Any CPU.ActiveCfg = Debug|Any CPU
		{85198B07-85C5-4983-9B3D-A0983257C2C2}.Debug|Any CPU.Build.0 = Debug|Any CPU
		{85198B07-85C5-4983-9B3D-A0983257C2C2}.Release|Any CPU.ActiveCfg = Release|Any CPU
		{85198B07-85C5-4983-9B3D-A0983257C2C2}.Release|Any CPU.Build.0 = Release|Any CPU
	EndGlobalSection
	GlobalSection(SolutionProperties) = preSolution
		HideSolutionNode = FALSE
	EndGlobalSection
	GlobalSection(ExtensibilityGlobals) = postSolution
		SolutionGuid = {D9543438-EC69-40E2-B337-5DDBC6EC6AD4}
	EndGlobalSection
EndGlobal
