
Microsoft Visual Studio Solution File, Format Version 12.00
# Visual Studio Version 16
VisualStudioVersion = 16.0.30907.101
MinimumVisualStudioVersion = 10.0.40219.1
Project("{9A19103F-16F7-4668-BE54-9A1E7A4F7556}") = "01DefineAClassPerson", "01DefineAClassPerson\01DefineAClassPerson.csproj", "{CC845772-24D7-42E1-90B1-547073633A77}"
EndProject
Project("{9A19103F-16F7-4668-BE54-9A1E7A4F7556}") = "02CreatingConstructors", "02CreatingConstructors\02CreatingConstructors.csproj", "{6EF660B5-BBCB-4DF9-B89E-2C87AFF2D9E8}"
EndProject
Project("{9A19103F-16F7-4668-BE54-9A1E7A4F7556}") = "03OldestFamilyMember", "03OldestFamilyMember\03OldestFamilyMember.csproj", "{F137A3B5-23E1-44C1-9C84-EC39EEA801A5}"
EndProject
Project("{9A19103F-16F7-4668-BE54-9A1E7A4F7556}") = "04OpinionPoll", "04OpinionPoll\04OpinionPoll.csproj", "{56B3491C-2939-42D2-AAFE-8287FA32E781}"
EndProject
Project("{9A19103F-16F7-4668-BE54-9A1E7A4F7556}") = "05DateModifier", "05DateModifier\05DateModifier.csproj", "{7B0D28D9-072F-4D3C-8E86-39AE14A61235}"
EndProject
Project("{9A19103F-16F7-4668-BE54-9A1E7A4F7556}") = "06SpeedRacing", "06SpeedRacing\06SpeedRacing.csproj", "{EAAF5FC9-3C7F-483C-AB90-DDF09560E6B4}"
EndProject
Project("{9A19103F-16F7-4668-BE54-9A1E7A4F7556}") = "07RawData", "07RawData\07RawData.csproj", "{60FD6868-0B63-4DC7-A7AC-1D084DB0C06C}"
EndProject
Project("{9A19103F-16F7-4668-BE54-9A1E7A4F7556}") = "08CarSalesman", "08CarSalesman\08CarSalesman.csproj", "{BA398DE8-05C9-4DD3-85C3-3DDCEAD0626B}"
EndProject
Project("{9A19103F-16F7-4668-BE54-9A1E7A4F7556}") = "09PokemonTrainer", "09PokemonTrainer\09PokemonTrainer.csproj", "{6D79C206-4B44-4F65-A840-51AE083984E1}"
EndProject
Project("{9A19103F-16F7-4668-BE54-9A1E7A4F7556}") = "SoftUniParking", "10SoftUniParking\SoftUniParking.csproj", "{92F3491E-C021-4849-9F1A-86B051A3406C}"
EndProject
Global
	GlobalSection(SolutionConfigurationPlatforms) = preSolution
		Debug|Any CPU = Debug|Any CPU
		Release|Any CPU = Release|Any CPU
	EndGlobalSection
	GlobalSection(ProjectConfigurationPlatforms) = postSolution
		{CC845772-24D7-42E1-90B1-547073633A77}.Debug|Any CPU.ActiveCfg = Debug|Any CPU
		{CC845772-24D7-42E1-90B1-547073633A77}.Debug|Any CPU.Build.0 = Debug|Any CPU
		{CC845772-24D7-42E1-90B1-547073633A77}.Release|Any CPU.ActiveCfg = Release|Any CPU
		{CC845772-24D7-42E1-90B1-547073633A77}.Release|Any CPU.Build.0 = Release|Any CPU
		{6EF660B5-BBCB-4DF9-B89E-2C87AFF2D9E8}.Debug|Any CPU.ActiveCfg = Debug|Any CPU
		{6EF660B5-BBCB-4DF9-B89E-2C87AFF2D9E8}.Debug|Any CPU.Build.0 = Debug|Any CPU
		{6EF660B5-BBCB-4DF9-B89E-2C87AFF2D9E8}.Release|Any CPU.ActiveCfg = Release|Any CPU
		{6EF660B5-BBCB-4DF9-B89E-2C87AFF2D9E8}.Release|Any CPU.Build.0 = Release|Any CPU
		{F137A3B5-23E1-44C1-9C84-EC39EEA801A5}.Debug|Any CPU.ActiveCfg = Debug|Any CPU
		{F137A3B5-23E1-44C1-9C84-EC39EEA801A5}.Debug|Any CPU.Build.0 = Debug|Any CPU
		{F137A3B5-23E1-44C1-9C84-EC39EEA801A5}.Release|Any CPU.ActiveCfg = Release|Any CPU
		{F137A3B5-23E1-44C1-9C84-EC39EEA801A5}.Release|Any CPU.Build.0 = Release|Any CPU
		{56B3491C-2939-42D2-AAFE-8287FA32E781}.Debug|Any CPU.ActiveCfg = Debug|Any CPU
		{56B3491C-2939-42D2-AAFE-8287FA32E781}.Debug|Any CPU.Build.0 = Debug|Any CPU
		{56B3491C-2939-42D2-AAFE-8287FA32E781}.Release|Any CPU.ActiveCfg = Release|Any CPU
		{56B3491C-2939-42D2-AAFE-8287FA32E781}.Release|Any CPU.Build.0 = Release|Any CPU
		{7B0D28D9-072F-4D3C-8E86-39AE14A61235}.Debug|Any CPU.ActiveCfg = Debug|Any CPU
		{7B0D28D9-072F-4D3C-8E86-39AE14A61235}.Debug|Any CPU.Build.0 = Debug|Any CPU
		{7B0D28D9-072F-4D3C-8E86-39AE14A61235}.Release|Any CPU.ActiveCfg = Release|Any CPU
		{7B0D28D9-072F-4D3C-8E86-39AE14A61235}.Release|Any CPU.Build.0 = Release|Any CPU
		{EAAF5FC9-3C7F-483C-AB90-DDF09560E6B4}.Debug|Any CPU.ActiveCfg = Debug|Any CPU
		{EAAF5FC9-3C7F-483C-AB90-DDF09560E6B4}.Debug|Any CPU.Build.0 = Debug|Any CPU
		{EAAF5FC9-3C7F-483C-AB90-DDF09560E6B4}.Release|Any CPU.ActiveCfg = Release|Any CPU
		{EAAF5FC9-3C7F-483C-AB90-DDF09560E6B4}.Release|Any CPU.Build.0 = Release|Any CPU
		{60FD6868-0B63-4DC7-A7AC-1D084DB0C06C}.Debug|Any CPU.ActiveCfg = Debug|Any CPU
		{60FD6868-0B63-4DC7-A7AC-1D084DB0C06C}.Debug|Any CPU.Build.0 = Debug|Any CPU
		{60FD6868-0B63-4DC7-A7AC-1D084DB0C06C}.Release|Any CPU.ActiveCfg = Release|Any CPU
		{60FD6868-0B63-4DC7-A7AC-1D084DB0C06C}.Release|Any CPU.Build.0 = Release|Any CPU
		{BA398DE8-05C9-4DD3-85C3-3DDCEAD0626B}.Debug|Any CPU.ActiveCfg = Debug|Any CPU
		{BA398DE8-05C9-4DD3-85C3-3DDCEAD0626B}.Debug|Any CPU.Build.0 = Debug|Any CPU
		{BA398DE8-05C9-4DD3-85C3-3DDCEAD0626B}.Release|Any CPU.ActiveCfg = Release|Any CPU
		{BA398DE8-05C9-4DD3-85C3-3DDCEAD0626B}.Release|Any CPU.Build.0 = Release|Any CPU
		{6D79C206-4B44-4F65-A840-51AE083984E1}.Debug|Any CPU.ActiveCfg = Debug|Any CPU
		{6D79C206-4B44-4F65-A840-51AE083984E1}.Debug|Any CPU.Build.0 = Debug|Any CPU
		{6D79C206-4B44-4F65-A840-51AE083984E1}.Release|Any CPU.ActiveCfg = Release|Any CPU
		{6D79C206-4B44-4F65-A840-51AE083984E1}.Release|Any CPU.Build.0 = Release|Any CPU
		{92F3491E-C021-4849-9F1A-86B051A3406C}.Debug|Any CPU.ActiveCfg = Debug|Any CPU
		{92F3491E-C021-4849-9F1A-86B051A3406C}.Debug|Any CPU.Build.0 = Debug|Any CPU
		{92F3491E-C021-4849-9F1A-86B051A3406C}.Release|Any CPU.ActiveCfg = Release|Any CPU
		{92F3491E-C021-4849-9F1A-86B051A3406C}.Release|Any CPU.Build.0 = Release|Any CPU
	EndGlobalSection
	GlobalSection(SolutionProperties) = preSolution
		HideSolutionNode = FALSE
	EndGlobalSection
	GlobalSection(ExtensibilityGlobals) = postSolution
		SolutionGuid = {337DA4FB-1AE9-4B1B-A813-A2C829B2AA60}
	EndGlobalSection
EndGlobal
