
Microsoft Visual Studio Solution File, Format Version 12.00
# Visual Studio Version 16
VisualStudioVersion = 16.0.30907.101
MinimumVisualStudioVersion = 10.0.40219.1
Project("{9A19103F-16F7-4668-BE54-9A1E7A4F7556}") = "01DefineAClassPerson", "01DefineAClassPerson\01DefineAClassPerson.csproj", "{CC845772-24D7-42E1-90B1-547073633A77}"
EndProject
Project("{9A19103F-16F7-4668-BE54-9A1E7A4F7556}") = "02CreatingConstructors", "02CreatingConstructors\02CreatingConstructors.csproj", "{6EF660B5-BBCB-4DF9-B89E-2C87AFF2D9E8}"
EndProject
Project("{9A19103F-16F7-4668-BE54-9A1E7A4F7556}") = "03OldestFamilyMember", "03OldestFamilyMember\03OldestFamilyMember.csproj", "{F137A3B5-23E1-44C1-9C84-EC39EEA801A5}"
EndProject
Project("{FAE04EC0-301F-11D3-BF4B-00C04F79EFBC}") = "04OpinionPoll", "04OpinionPoll\04OpinionPoll.csproj", "{56B3491C-2939-42D2-AAFE-8287FA32E781}"
EndProject
Global
	GlobalSection(SolutionConfigurationPlatforms) = preSolution
		Debug|Any CPU = Debug|Any CPU
		Release|Any CPU = Release|Any CPU
	EndGlobalSection
	GlobalSection(ProjectConfigurationPlatforms) = postSolution
		{CC845772-24D7-42E1-90B1-547073633A77}.Debug|Any CPU.ActiveCfg = Debug|Any CPU
		{CC845772-24D7-42E1-90B1-547073633A77}.Debug|Any CPU.Build.0 = Debug|Any CPU
		{CC845772-24D7-42E1-90B1-547073633A77}.Release|Any CPU.ActiveCfg = Release|Any CPU
		{CC845772-24D7-42E1-90B1-547073633A77}.Release|Any CPU.Build.0 = Release|Any CPU
		{6EF660B5-BBCB-4DF9-B89E-2C87AFF2D9E8}.Debug|Any CPU.ActiveCfg = Debug|Any CPU
		{6EF660B5-BBCB-4DF9-B89E-2C87AFF2D9E8}.Debug|Any CPU.Build.0 = Debug|Any CPU
		{6EF660B5-BBCB-4DF9-B89E-2C87AFF2D9E8}.Release|Any CPU.ActiveCfg = Release|Any CPU
		{6EF660B5-BBCB-4DF9-B89E-2C87AFF2D9E8}.Release|Any CPU.Build.0 = Release|Any CPU
		{F137A3B5-23E1-44C1-9C84-EC39EEA801A5}.Debug|Any CPU.ActiveCfg = Debug|Any CPU
		{F137A3B5-23E1-44C1-9C84-EC39EEA801A5}.Debug|Any CPU.Build.0 = Debug|Any CPU
		{F137A3B5-23E1-44C1-9C84-EC39EEA801A5}.Release|Any CPU.ActiveCfg = Release|Any CPU
		{F137A3B5-23E1-44C1-9C84-EC39EEA801A5}.Release|Any CPU.Build.0 = Release|Any CPU
		{56B3491C-2939-42D2-AAFE-8287FA32E781}.Debug|Any CPU.ActiveCfg = Debug|Any CPU
		{56B3491C-2939-42D2-AAFE-8287FA32E781}.Debug|Any CPU.Build.0 = Debug|Any CPU
		{56B3491C-2939-42D2-AAFE-8287FA32E781}.Release|Any CPU.ActiveCfg = Release|Any CPU
		{56B3491C-2939-42D2-AAFE-8287FA32E781}.Release|Any CPU.Build.0 = Release|Any CPU
	EndGlobalSection
	GlobalSection(SolutionProperties) = preSolution
		HideSolutionNode = FALSE
	EndGlobalSection
	GlobalSection(ExtensibilityGlobals) = postSolution
		SolutionGuid = {337DA4FB-1AE9-4B1B-A813-A2C829B2AA60}
	EndGlobalSection
EndGlobal
